
Microsoft Visual Studio Solution File, Format Version 12.00
# Visual Studio Version 17
VisualStudioVersion = 17.5.2.0
MinimumVisualStudioVersion = 10.0.40219.1
Project("{FAE04EC0-301F-11D3-BF4B-00C04F79EFBC}") = "api-server", "api-server\api-server.csproj", "{B37B4861-F421-5FC6-E3F9-E9488315AF26}"
EndProject
Project("{FAE04EC0-301F-11D3-BF4B-00C04F79EFBC}") = "realtime-server", "realtime-server\realtime-server.csproj", "{00D7A481-061C-41A8-9D0A-A2803BAC87CD}"
EndProject
Global
	GlobalSection(SolutionConfigurationPlatforms) = preSolution
		Debug|Any CPU = Debug|Any CPU
		Debug|x64 = Debug|x64
		Debug|x86 = Debug|x86
		Release|Any CPU = Release|Any CPU
		Release|x64 = Release|x64
		Release|x86 = Release|x86
	EndGlobalSection
	GlobalSection(ProjectConfigurationPlatforms) = postSolution
		{B37B4861-F421-5FC6-E3F9-E9488315AF26}.Debug|Any CPU.ActiveCfg = Debug|Any CPU
		{B37B4861-F421-5FC6-E3F9-E9488315AF26}.Debug|Any CPU.Build.0 = Debug|Any CPU
		{B37B4861-F421-5FC6-E3F9-E9488315AF26}.Debug|x64.ActiveCfg = Debug|Any CPU
		{B37B4861-F421-5FC6-E3F9-E9488315AF26}.Debug|x64.Build.0 = Debug|Any CPU
		{B37B4861-F421-5FC6-E3F9-E9488315AF26}.Debug|x86.ActiveCfg = Debug|Any CPU
		{B37B4861-F421-5FC6-E3F9-E9488315AF26}.Debug|x86.Build.0 = Debug|Any CPU
		{B37B4861-F421-5FC6-E3F9-E9488315AF26}.Release|Any CPU.ActiveCfg = Release|Any CPU
		{B37B4861-F421-5FC6-E3F9-E9488315AF26}.Release|Any CPU.Build.0 = Release|Any CPU
		{B37B4861-F421-5FC6-E3F9-E9488315AF26}.Release|x64.ActiveCfg = Release|Any CPU
		{B37B4861-F421-5FC6-E3F9-E9488315AF26}.Release|x64.Build.0 = Release|Any CPU
		{B37B4861-F421-5FC6-E3F9-E9488315AF26}.Release|x86.ActiveCfg = Release|Any CPU
		{B37B4861-F421-5FC6-E3F9-E9488315AF26}.Release|x86.Build.0 = Release|Any CPU
		{00D7A481-061C-41A8-9D0A-A2803BAC87CD}.Debug|Any CPU.ActiveCfg = Debug|Any CPU
		{00D7A481-061C-41A8-9D0A-A2803BAC87CD}.Debug|Any CPU.Build.0 = Debug|Any CPU
		{00D7A481-061C-41A8-9D0A-A2803BAC87CD}.Debug|x64.ActiveCfg = Debug|Any CPU
		{00D7A481-061C-41A8-9D0A-A2803BAC87CD}.Debug|x64.Build.0 = Debug|Any CPU
		{00D7A481-061C-41A8-9D0A-A2803BAC87CD}.Debug|x86.ActiveCfg = Debug|Any CPU
		{00D7A481-061C-41A8-9D0A-A2803BAC87CD}.Debug|x86.Build.0 = Debug|Any CPU
		{00D7A481-061C-41A8-9D0A-A2803BAC87CD}.Release|Any CPU.ActiveCfg = Release|Any CPU
		{00D7A481-061C-41A8-9D0A-A2803BAC87CD}.Release|Any CPU.Build.0 = Release|Any CPU
		{00D7A481-061C-41A8-9D0A-A2803BAC87CD}.Release|x64.ActiveCfg = Release|Any CPU
		{00D7A481-061C-41A8-9D0A-A2803BAC87CD}.Release|x64.Build.0 = Release|Any CPU
		{00D7A481-061C-41A8-9D0A-A2803BAC87CD}.Release|x86.ActiveCfg = Release|Any CPU
		{00D7A481-061C-41A8-9D0A-A2803BAC87CD}.Release|x86.Build.0 = Release|Any CPU
	EndGlobalSection
	GlobalSection(SolutionProperties) = preSolution
		HideSolutionNode = FALSE
	EndGlobalSection
	GlobalSection(ExtensibilityGlobals) = postSolution
		SolutionGuid = {D1E72BFD-424F-4F70-B399-655B43CE8836}
	EndGlobalSection
EndGlobal
